
Microsoft Visual Studio Solution File, Format Version 12.00
# Visual Studio Version 16
VisualStudioVersion = 16.0.30621.155
MinimumVisualStudioVersion = 10.0.40219.1
Project("{FAE04EC0-301F-11D3-BF4B-00C04F79EFBC}") = "UI", "EnumCodeGeneration\UI.csproj", "{9026CDB6-E3A4-4129-A8FA-3BA29900EAB2}"
EndProject
Global
	GlobalSection(SolutionConfigurationPlatforms) = preSolution
		Debug|Any CPU = Debug|Any CPU
		Release|Any CPU = Release|Any CPU
	EndGlobalSection
	GlobalSection(ProjectConfigurationPlatforms) = postSolution
		{9026CDB6-E3A4-4129-A8FA-3BA29900EAB2}.Debug|Any CPU.ActiveCfg = Debug|Any CPU
		{9026CDB6-E3A4-4129-A8FA-3BA29900EAB2}.Debug|Any CPU.Build.0 = Debug|Any CPU
		{9026CDB6-E3A4-4129-A8FA-3BA29900EAB2}.Release|Any CPU.ActiveCfg = Release|Any CPU
		{9026CDB6-E3A4-4129-A8FA-3BA29900EAB2}.Release|Any CPU.Build.0 = Release|Any CPU
	EndGlobalSection
	GlobalSection(SolutionProperties) = preSolution
		HideSolutionNode = FALSE
	EndGlobalSection
	GlobalSection(ExtensibilityGlobals) = postSolution
		SolutionGuid = {FE9E182F-434A-4FDF-9985-43E4D6B0B01F}
	EndGlobalSection
EndGlobal
